
Microsoft Visual Studio Solution File, Format Version 12.00
Project("{2150E333-8FDC-42A3-9474-1A3956D46DE8}") = "Services", "Services", "{69058381-7655-4ABD-B9DA-DEAC2333D088}"
EndProject
Project("{2150E333-8FDC-42A3-9474-1A3956D46DE8}") = "Catalog", "Catalog", "{2C959C96-1CAF-49A1-BE80-251011625BBA}"
EndProject
Project("{FAE04EC0-301F-11D3-BF4B-00C04F79EFBC}") = "Catalog.API", "Services\Catalog\Catalog.API\Catalog.API.csproj", "{08DAE753-3851-4E55-ABB3-D781AEBA1495}"
EndProject
Project("{2150E333-8FDC-42A3-9474-1A3956D46DE8}") = "Solution Items", "Solution Items", "{EF35A232-459D-49AD-B4C9-BA1F5322991E}"
	ProjectSection(SolutionItems) = preProject
		docker-compose.yml = docker-compose.yml
		docker-compose.override.yml = docker-compose.override.yml
	EndProjectSection
EndProject
Project("{2150E333-8FDC-42A3-9474-1A3956D46DE8}") = "Basket", "Basket", "{9DD06E92-BFD9-4581-B6BF-CD222C7047F2}"
EndProject
Project("{FAE04EC0-301F-11D3-BF4B-00C04F79EFBC}") = "Basket.API", "Services\Basket\Basket.API\Basket.API.csproj", "{8B681E09-88D6-447C-BB9C-983D7C235A09}"
EndProject
Project("{2150E333-8FDC-42A3-9474-1A3956D46DE8}") = "Discount", "Discount", "{F93A3059-C7B4-4CCB-9C8D-919066A28868}"
EndProject
Project("{FAE04EC0-301F-11D3-BF4B-00C04F79EFBC}") = "Discount.API", "Services\Discount\Discount.API\Discount.API.csproj", "{BBAA054D-D67C-440C-BC19-F2544F912AF3}"
EndProject
Project("{FAE04EC0-301F-11D3-BF4B-00C04F79EFBC}") = "Discount.Grpc", "Services\Discount\Discount.Grpc\Discount.Grpc.csproj", "{8FD9EE63-2427-4982-8A1E-2D7383E4836A}"
EndProject
Global
	GlobalSection(SolutionConfigurationPlatforms) = preSolution
		Debug|Any CPU = Debug|Any CPU
		Release|Any CPU = Release|Any CPU
	EndGlobalSection
	GlobalSection(NestedProjects) = preSolution
		{2C959C96-1CAF-49A1-BE80-251011625BBA} = {69058381-7655-4ABD-B9DA-DEAC2333D088}
		{08DAE753-3851-4E55-ABB3-D781AEBA1495} = {2C959C96-1CAF-49A1-BE80-251011625BBA}
		{9DD06E92-BFD9-4581-B6BF-CD222C7047F2} = {69058381-7655-4ABD-B9DA-DEAC2333D088}
		{8B681E09-88D6-447C-BB9C-983D7C235A09} = {9DD06E92-BFD9-4581-B6BF-CD222C7047F2}
		{F93A3059-C7B4-4CCB-9C8D-919066A28868} = {69058381-7655-4ABD-B9DA-DEAC2333D088}
		{BBAA054D-D67C-440C-BC19-F2544F912AF3} = {F93A3059-C7B4-4CCB-9C8D-919066A28868}
		{8FD9EE63-2427-4982-8A1E-2D7383E4836A} = {F93A3059-C7B4-4CCB-9C8D-919066A28868}
	EndGlobalSection
	GlobalSection(ProjectConfigurationPlatforms) = postSolution
		{08DAE753-3851-4E55-ABB3-D781AEBA1495}.Debug|Any CPU.ActiveCfg = Debug|Any CPU
		{08DAE753-3851-4E55-ABB3-D781AEBA1495}.Debug|Any CPU.Build.0 = Debug|Any CPU
		{08DAE753-3851-4E55-ABB3-D781AEBA1495}.Release|Any CPU.ActiveCfg = Release|Any CPU
		{08DAE753-3851-4E55-ABB3-D781AEBA1495}.Release|Any CPU.Build.0 = Release|Any CPU
		{8B681E09-88D6-447C-BB9C-983D7C235A09}.Debug|Any CPU.ActiveCfg = Debug|Any CPU
		{8B681E09-88D6-447C-BB9C-983D7C235A09}.Debug|Any CPU.Build.0 = Debug|Any CPU
		{8B681E09-88D6-447C-BB9C-983D7C235A09}.Release|Any CPU.ActiveCfg = Release|Any CPU
		{8B681E09-88D6-447C-BB9C-983D7C235A09}.Release|Any CPU.Build.0 = Release|Any CPU
		{BBAA054D-D67C-440C-BC19-F2544F912AF3}.Debug|Any CPU.ActiveCfg = Debug|Any CPU
		{BBAA054D-D67C-440C-BC19-F2544F912AF3}.Debug|Any CPU.Build.0 = Debug|Any CPU
		{BBAA054D-D67C-440C-BC19-F2544F912AF3}.Release|Any CPU.ActiveCfg = Release|Any CPU
		{BBAA054D-D67C-440C-BC19-F2544F912AF3}.Release|Any CPU.Build.0 = Release|Any CPU
		{8FD9EE63-2427-4982-8A1E-2D7383E4836A}.Debug|Any CPU.ActiveCfg = Debug|Any CPU
		{8FD9EE63-2427-4982-8A1E-2D7383E4836A}.Debug|Any CPU.Build.0 = Debug|Any CPU
		{8FD9EE63-2427-4982-8A1E-2D7383E4836A}.Release|Any CPU.ActiveCfg = Release|Any CPU
		{8FD9EE63-2427-4982-8A1E-2D7383E4836A}.Release|Any CPU.Build.0 = Release|Any CPU
	EndGlobalSection
EndGlobal
