
Microsoft Visual Studio Solution File, Format Version 12.00
Project("{2150E333-8FDC-42A3-9474-1A3956D46DE8}") = "Services", "Services", "{69058381-7655-4ABD-B9DA-DEAC2333D088}"
EndProject
Project("{2150E333-8FDC-42A3-9474-1A3956D46DE8}") = "Catalog", "Catalog", "{2C959C96-1CAF-49A1-BE80-251011625BBA}"
EndProject
Project("{FAE04EC0-301F-11D3-BF4B-00C04F79EFBC}") = "Catalog.API", "Services\Catalog\Catalog.API\Catalog.API.csproj", "{08DAE753-3851-4E55-ABB3-D781AEBA1495}"
EndProject
Project("{2150E333-8FDC-42A3-9474-1A3956D46DE8}") = "Solution Items", "Solution Items", "{EF35A232-459D-49AD-B4C9-BA1F5322991E}"
	ProjectSection(SolutionItems) = preProject
		docker-compose.yml = docker-compose.yml
		docker-compose.override.yml = docker-compose.override.yml
	EndProjectSection
EndProject
Project("{2150E333-8FDC-42A3-9474-1A3956D46DE8}") = "Basket", "Basket", "{9DD06E92-BFD9-4581-B6BF-CD222C7047F2}"
EndProject
Project("{FAE04EC0-301F-11D3-BF4B-00C04F79EFBC}") = "Basket.API", "Services\Basket\Basket.API\Basket.API.csproj", "{8B681E09-88D6-447C-BB9C-983D7C235A09}"
EndProject
Project("{2150E333-8FDC-42A3-9474-1A3956D46DE8}") = "Discount", "Discount", "{F93A3059-C7B4-4CCB-9C8D-919066A28868}"
EndProject
Project("{FAE04EC0-301F-11D3-BF4B-00C04F79EFBC}") = "Discount.API", "Services\Discount\Discount.API\Discount.API.csproj", "{BBAA054D-D67C-440C-BC19-F2544F912AF3}"
EndProject
Project("{FAE04EC0-301F-11D3-BF4B-00C04F79EFBC}") = "Discount.Grpc", "Services\Discount\Discount.Grpc\Discount.Grpc.csproj", "{8FD9EE63-2427-4982-8A1E-2D7383E4836A}"
EndProject
Project("{2150E333-8FDC-42A3-9474-1A3956D46DE8}") = "Ordering", "Ordering", "{372DB966-561B-414B-9496-31031BB71168}"
EndProject
Project("{FAE04EC0-301F-11D3-BF4B-00C04F79EFBC}") = "Ordering.API", "Services\Ordering\Ordering.API\Ordering.API.csproj", "{26CFE768-466B-4EDB-8BBE-54A05B4EF1B1}"
EndProject
Project("{FAE04EC0-301F-11D3-BF4B-00C04F79EFBC}") = "Ordering.Domain", "Services\Ordering\Ordering.Domain\Ordering.Domain.csproj", "{C2BDBD34-A4B8-4FB0-92DF-4085514EF152}"
EndProject
Project("{FAE04EC0-301F-11D3-BF4B-00C04F79EFBC}") = "Ordering.Application", "Services\Ordering\Ordering.Application\Ordering.Application.csproj", "{7C341390-8724-47CE-A22D-F6A3745DD44A}"
EndProject
Project("{FAE04EC0-301F-11D3-BF4B-00C04F79EFBC}") = "Ordering.Infrastructure", "Services\Ordering\Ordering.Infrastructure\Ordering.Infrastructure.csproj", "{2B84688E-72BF-44AD-B686-AC4266AB5EE1}"
EndProject
Project("{2150E333-8FDC-42A3-9474-1A3956D46DE8}") = "BuildingBlocks", "BuildingBlocks", "{BE4D6E50-F834-44D6-B244-15BAB0A5ADE2}"
EndProject
Project("{FAE04EC0-301F-11D3-BF4B-00C04F79EFBC}") = "EventBus.Messages", "BuildingBlocks\EventBus.Messages\EventBus.Messages.csproj", "{4F42F061-BC34-45F3-A75C-BCEC7BB0D50F}"
EndProject
Project("{2150E333-8FDC-42A3-9474-1A3956D46DE8}") = "ApiGateways", "ApiGateways", "{F3B491B4-17D8-4294-9B9F-AC1A4BD31476}"
EndProject
Project("{FAE04EC0-301F-11D3-BF4B-00C04F79EFBC}") = "OcelotApiGw", "ApiGateways\OcelotApiGw\OcelotApiGw.csproj", "{073C40EF-6663-4E8A-8650-17714EEF58A9}"
EndProject
Project("{FAE04EC0-301F-11D3-BF4B-00C04F79EFBC}") = "Shopping.Aggregator", "ApiGateways\Shopping.Aggregator\Shopping.Aggregator.csproj", "{EDC157B4-4AF8-468C-B871-4193F1A9318B}"
EndProject
Project("{2150E333-8FDC-42A3-9474-1A3956D46DE8}") = "WebApps", "WebApps", "{0B8310BB-F692-44F7-BCE4-CB4FBD1B5DE7}"
EndProject
Project("{FAE04EC0-301F-11D3-BF4B-00C04F79EFBC}") = "Shopping.Web", "WebApps\Shopping.Web\Shopping.Web.csproj", "{128F940E-4288-416D-A469-8240AEE689A4}"
EndProject
Project("{FAE04EC0-301F-11D3-BF4B-00C04F79EFBC}") = "Common.Logging", "BuildingBlocks\Common.Logging\Common.Logging.csproj", "{831B0A0C-6D6D-4D36-B1A1-78793257E91F}"
EndProject
Global
	GlobalSection(SolutionConfigurationPlatforms) = preSolution
		Debug|Any CPU = Debug|Any CPU
		Release|Any CPU = Release|Any CPU
	EndGlobalSection
	GlobalSection(NestedProjects) = preSolution
		{2C959C96-1CAF-49A1-BE80-251011625BBA} = {69058381-7655-4ABD-B9DA-DEAC2333D088}
		{08DAE753-3851-4E55-ABB3-D781AEBA1495} = {2C959C96-1CAF-49A1-BE80-251011625BBA}
		{9DD06E92-BFD9-4581-B6BF-CD222C7047F2} = {69058381-7655-4ABD-B9DA-DEAC2333D088}
		{8B681E09-88D6-447C-BB9C-983D7C235A09} = {9DD06E92-BFD9-4581-B6BF-CD222C7047F2}
		{F93A3059-C7B4-4CCB-9C8D-919066A28868} = {69058381-7655-4ABD-B9DA-DEAC2333D088}
		{BBAA054D-D67C-440C-BC19-F2544F912AF3} = {F93A3059-C7B4-4CCB-9C8D-919066A28868}
		{8FD9EE63-2427-4982-8A1E-2D7383E4836A} = {F93A3059-C7B4-4CCB-9C8D-919066A28868}
		{372DB966-561B-414B-9496-31031BB71168} = {69058381-7655-4ABD-B9DA-DEAC2333D088}
		{26CFE768-466B-4EDB-8BBE-54A05B4EF1B1} = {372DB966-561B-414B-9496-31031BB71168}
		{C2BDBD34-A4B8-4FB0-92DF-4085514EF152} = {372DB966-561B-414B-9496-31031BB71168}
		{7C341390-8724-47CE-A22D-F6A3745DD44A} = {372DB966-561B-414B-9496-31031BB71168}
		{2B84688E-72BF-44AD-B686-AC4266AB5EE1} = {372DB966-561B-414B-9496-31031BB71168}
		{4F42F061-BC34-45F3-A75C-BCEC7BB0D50F} = {BE4D6E50-F834-44D6-B244-15BAB0A5ADE2}
		{073C40EF-6663-4E8A-8650-17714EEF58A9} = {F3B491B4-17D8-4294-9B9F-AC1A4BD31476}
		{EDC157B4-4AF8-468C-B871-4193F1A9318B} = {F3B491B4-17D8-4294-9B9F-AC1A4BD31476}
		{128F940E-4288-416D-A469-8240AEE689A4} = {0B8310BB-F692-44F7-BCE4-CB4FBD1B5DE7}
		{831B0A0C-6D6D-4D36-B1A1-78793257E91F} = {BE4D6E50-F834-44D6-B244-15BAB0A5ADE2}
	EndGlobalSection
	GlobalSection(ProjectConfigurationPlatforms) = postSolution
		{08DAE753-3851-4E55-ABB3-D781AEBA1495}.Debug|Any CPU.ActiveCfg = Debug|Any CPU
		{08DAE753-3851-4E55-ABB3-D781AEBA1495}.Debug|Any CPU.Build.0 = Debug|Any CPU
		{08DAE753-3851-4E55-ABB3-D781AEBA1495}.Release|Any CPU.ActiveCfg = Release|Any CPU
		{08DAE753-3851-4E55-ABB3-D781AEBA1495}.Release|Any CPU.Build.0 = Release|Any CPU
		{8B681E09-88D6-447C-BB9C-983D7C235A09}.Debug|Any CPU.ActiveCfg = Debug|Any CPU
		{8B681E09-88D6-447C-BB9C-983D7C235A09}.Debug|Any CPU.Build.0 = Debug|Any CPU
		{8B681E09-88D6-447C-BB9C-983D7C235A09}.Release|Any CPU.ActiveCfg = Release|Any CPU
		{8B681E09-88D6-447C-BB9C-983D7C235A09}.Release|Any CPU.Build.0 = Release|Any CPU
		{BBAA054D-D67C-440C-BC19-F2544F912AF3}.Debug|Any CPU.ActiveCfg = Debug|Any CPU
		{BBAA054D-D67C-440C-BC19-F2544F912AF3}.Debug|Any CPU.Build.0 = Debug|Any CPU
		{BBAA054D-D67C-440C-BC19-F2544F912AF3}.Release|Any CPU.ActiveCfg = Release|Any CPU
		{BBAA054D-D67C-440C-BC19-F2544F912AF3}.Release|Any CPU.Build.0 = Release|Any CPU
		{8FD9EE63-2427-4982-8A1E-2D7383E4836A}.Debug|Any CPU.ActiveCfg = Debug|Any CPU
		{8FD9EE63-2427-4982-8A1E-2D7383E4836A}.Debug|Any CPU.Build.0 = Debug|Any CPU
		{8FD9EE63-2427-4982-8A1E-2D7383E4836A}.Release|Any CPU.ActiveCfg = Release|Any CPU
		{8FD9EE63-2427-4982-8A1E-2D7383E4836A}.Release|Any CPU.Build.0 = Release|Any CPU
		{26CFE768-466B-4EDB-8BBE-54A05B4EF1B1}.Debug|Any CPU.ActiveCfg = Debug|Any CPU
		{26CFE768-466B-4EDB-8BBE-54A05B4EF1B1}.Debug|Any CPU.Build.0 = Debug|Any CPU
		{26CFE768-466B-4EDB-8BBE-54A05B4EF1B1}.Release|Any CPU.ActiveCfg = Release|Any CPU
		{26CFE768-466B-4EDB-8BBE-54A05B4EF1B1}.Release|Any CPU.Build.0 = Release|Any CPU
		{C2BDBD34-A4B8-4FB0-92DF-4085514EF152}.Debug|Any CPU.ActiveCfg = Debug|Any CPU
		{C2BDBD34-A4B8-4FB0-92DF-4085514EF152}.Debug|Any CPU.Build.0 = Debug|Any CPU
		{C2BDBD34-A4B8-4FB0-92DF-4085514EF152}.Release|Any CPU.ActiveCfg = Release|Any CPU
		{C2BDBD34-A4B8-4FB0-92DF-4085514EF152}.Release|Any CPU.Build.0 = Release|Any CPU
		{7C341390-8724-47CE-A22D-F6A3745DD44A}.Debug|Any CPU.ActiveCfg = Debug|Any CPU
		{7C341390-8724-47CE-A22D-F6A3745DD44A}.Debug|Any CPU.Build.0 = Debug|Any CPU
		{7C341390-8724-47CE-A22D-F6A3745DD44A}.Release|Any CPU.ActiveCfg = Release|Any CPU
		{7C341390-8724-47CE-A22D-F6A3745DD44A}.Release|Any CPU.Build.0 = Release|Any CPU
		{2B84688E-72BF-44AD-B686-AC4266AB5EE1}.Debug|Any CPU.ActiveCfg = Debug|Any CPU
		{2B84688E-72BF-44AD-B686-AC4266AB5EE1}.Debug|Any CPU.Build.0 = Debug|Any CPU
		{2B84688E-72BF-44AD-B686-AC4266AB5EE1}.Release|Any CPU.ActiveCfg = Release|Any CPU
		{2B84688E-72BF-44AD-B686-AC4266AB5EE1}.Release|Any CPU.Build.0 = Release|Any CPU
		{4F42F061-BC34-45F3-A75C-BCEC7BB0D50F}.Debug|Any CPU.ActiveCfg = Debug|Any CPU
		{4F42F061-BC34-45F3-A75C-BCEC7BB0D50F}.Debug|Any CPU.Build.0 = Debug|Any CPU
		{4F42F061-BC34-45F3-A75C-BCEC7BB0D50F}.Release|Any CPU.ActiveCfg = Release|Any CPU
		{4F42F061-BC34-45F3-A75C-BCEC7BB0D50F}.Release|Any CPU.Build.0 = Release|Any CPU
		{073C40EF-6663-4E8A-8650-17714EEF58A9}.Debug|Any CPU.ActiveCfg = Debug|Any CPU
		{073C40EF-6663-4E8A-8650-17714EEF58A9}.Debug|Any CPU.Build.0 = Debug|Any CPU
		{073C40EF-6663-4E8A-8650-17714EEF58A9}.Release|Any CPU.ActiveCfg = Release|Any CPU
		{073C40EF-6663-4E8A-8650-17714EEF58A9}.Release|Any CPU.Build.0 = Release|Any CPU
		{EDC157B4-4AF8-468C-B871-4193F1A9318B}.Debug|Any CPU.ActiveCfg = Debug|Any CPU
		{EDC157B4-4AF8-468C-B871-4193F1A9318B}.Debug|Any CPU.Build.0 = Debug|Any CPU
		{EDC157B4-4AF8-468C-B871-4193F1A9318B}.Release|Any CPU.ActiveCfg = Release|Any CPU
		{EDC157B4-4AF8-468C-B871-4193F1A9318B}.Release|Any CPU.Build.0 = Release|Any CPU
		{128F940E-4288-416D-A469-8240AEE689A4}.Debug|Any CPU.ActiveCfg = Debug|Any CPU
		{128F940E-4288-416D-A469-8240AEE689A4}.Debug|Any CPU.Build.0 = Debug|Any CPU
		{128F940E-4288-416D-A469-8240AEE689A4}.Release|Any CPU.ActiveCfg = Release|Any CPU
		{128F940E-4288-416D-A469-8240AEE689A4}.Release|Any CPU.Build.0 = Release|Any CPU
		{831B0A0C-6D6D-4D36-B1A1-78793257E91F}.Debug|Any CPU.ActiveCfg = Debug|Any CPU
		{831B0A0C-6D6D-4D36-B1A1-78793257E91F}.Debug|Any CPU.Build.0 = Debug|Any CPU
		{831B0A0C-6D6D-4D36-B1A1-78793257E91F}.Release|Any CPU.ActiveCfg = Release|Any CPU
		{831B0A0C-6D6D-4D36-B1A1-78793257E91F}.Release|Any CPU.Build.0 = Release|Any CPU
	EndGlobalSection
EndGlobal
